
Microsoft Visual Studio Solution File, Format Version 12.00
# Visual Studio Version 16
VisualStudioVersion = 16.0.29709.97
MinimumVisualStudioVersion = 10.0.40219.1
Project("{9A19103F-16F7-4668-BE54-9A1E7A4F7556}") = "MagicHome", "MagicHome\MagicHome.csproj", "{B3E0C634-BAF7-4C53-8E12-97B878BC9B4E}"
EndProject
Project("{FAE04EC0-301F-11D3-BF4B-00C04F79EFBC}") = "MagicHome.Example", "MagicHome.Example\MagicHome.Example.csproj", "{1A2646FC-3651-4DC4-B012-F4C035B3447D}"
EndProject
Global
	GlobalSection(SolutionConfigurationPlatforms) = preSolution
		Debug|Any CPU = Debug|Any CPU
		Release|Any CPU = Release|Any CPU
	EndGlobalSection
	GlobalSection(ProjectConfigurationPlatforms) = postSolution
		{B3E0C634-BAF7-4C53-8E12-97B878BC9B4E}.Debug|Any CPU.ActiveCfg = Debug|Any CPU
		{B3E0C634-BAF7-4C53-8E12-97B878BC9B4E}.Debug|Any CPU.Build.0 = Debug|Any CPU
		{B3E0C634-BAF7-4C53-8E12-97B878BC9B4E}.Release|Any CPU.ActiveCfg = Release|Any CPU
		{B3E0C634-BAF7-4C53-8E12-97B878BC9B4E}.Release|Any CPU.Build.0 = Release|Any CPU
		{1A2646FC-3651-4DC4-B012-F4C035B3447D}.Debug|Any CPU.ActiveCfg = Debug|Any CPU
		{1A2646FC-3651-4DC4-B012-F4C035B3447D}.Debug|Any CPU.Build.0 = Debug|Any CPU
		{1A2646FC-3651-4DC4-B012-F4C035B3447D}.Release|Any CPU.ActiveCfg = Release|Any CPU
		{1A2646FC-3651-4DC4-B012-F4C035B3447D}.Release|Any CPU.Build.0 = Release|Any CPU
	EndGlobalSection
	GlobalSection(SolutionProperties) = preSolution
		HideSolutionNode = FALSE
	EndGlobalSection
	GlobalSection(ExtensibilityGlobals) = postSolution
		SolutionGuid = {CF7D895F-D359-472E-9E7A-BF747C651D55}
	EndGlobalSection
EndGlobal
